schema: '2.0'
stages:
  data_ingestion:
    cmd: python src/data_ingestion.py
    deps:
    - path: src/data_ingestion.py
      hash: md5
      md5: bab7668b902e43e48626f7db08a4de81
      size: 3016
    params:
      params.yaml:
        data_ingestion.random_state: 42
        data_ingestion.test_size: 0.2
    outs:
    - path: data/raw
      hash: md5
      md5: f43e16fdceaa70c0937a1d77f463da27.dir
      size: 443698
      nfiles: 2
  data_preprocessing:
    cmd: python src/data_preprocessing.py
    deps:
    - path: data/raw
      hash: md5
      md5: f43e16fdceaa70c0937a1d77f463da27.dir
      size: 443698
      nfiles: 2
    - path: src/data_preprocessing.py
      hash: md5
      md5: 4437c29141d218678e2938b69af2beed
      size: 2963
    outs:
    - path: data/processed_data
      hash: md5
      md5: 6a44379410600bd27404379b23eee2f3.dir
      size: 254241
      nfiles: 2
  feature_engineering:
    cmd: python src/feature_engineering.py
    deps:
    - path: data/processed_data
      hash: md5
      md5: 6a44379410600bd27404379b23eee2f3.dir
      size: 254241
      nfiles: 2
    - path: src/feature_engineering.py
      hash: md5
      md5: 539ecb439e32b6b65405935c1e5a34bc
      size: 2858
    params:
      params.yaml:
        feature_engineering.max_features: 50
    outs:
    - path: data/transformed
      hash: md5
      md5: a39363d1f4c379614401a0e628fcee9a.dir
      size: 1160348
      nfiles: 2
  model_training:
    cmd: python src/model_training.py
    deps:
    - path: data/transformed
      hash: md5
      md5: a39363d1f4c379614401a0e628fcee9a.dir
      size: 1160348
      nfiles: 2
    - path: src/model_training.py
      hash: md5
      md5: 6bf646a6c56d8e46af79f240df8c6bb3
      size: 2484
    params:
      params.yaml:
        model_training.n_estimators: 25
        model_training.random_state: 42
    outs:
    - path: models/rf_model.pkl
      hash: md5
      md5: 2b32f84eb09708f8b2905f5583b795aa
      size: 976055
  model_evaluation:
    cmd: python src/model_evaluation.py
    deps:
    - path: data/transformed
      hash: md5
      md5: a39363d1f4c379614401a0e628fcee9a.dir
      size: 1160348
      nfiles: 2
    - path: models/rf_model.pkl
      hash: md5
      md5: 2b32f84eb09708f8b2905f5583b795aa
      size: 976055
    - path: src/model_evaluation.py
      hash: md5
      md5: 2e028b24c15a106dfe892a553e7e77e9
      size: 2579
